
Microsoft Visual Studio Solution File, Format Version 12.00
Project("{FAE04EC0-301F-11D3-BF4B-00C04F79EFBC}") = "LevelUpdaterService", "LevelUpdaterService\LevelUpdaterService.csproj", "{47175EB7-8EF7-4B1E-8D47-7C4399B0B45E}"
EndProject
Global
	GlobalSection(SolutionConfigurationPlatforms) = preSolution
		Debug|Any CPU = Debug|Any CPU
		Release|Any CPU = Release|Any CPU
	EndGlobalSection
	GlobalSection(ProjectConfigurationPlatforms) = postSolution
		{47175EB7-8EF7-4B1E-8D47-7C4399B0B45E}.Debug|Any CPU.ActiveCfg = Debug|Any CPU
		{47175EB7-8EF7-4B1E-8D47-7C4399B0B45E}.Debug|Any CPU.Build.0 = Debug|Any CPU
		{47175EB7-8EF7-4B1E-8D47-7C4399B0B45E}.Release|Any CPU.ActiveCfg = Release|Any CPU
		{47175EB7-8EF7-4B1E-8D47-7C4399B0B45E}.Release|Any CPU.Build.0 = Release|Any CPU
	EndGlobalSection
EndGlobal
